
Microsoft Visual Studio Solution File, Format Version 12.00
# Visual Studio 14
VisualStudioVersion = 14.0.24720.0
MinimumVisualStudioVersion = 10.0.40219.1
Project("{FAE04EC0-301F-11D3-BF4B-00C04F79EFBC}") = "HollisCAsciiArtLib", "HollisCAsciiArtLib\HollisCAsciiArtLib.csproj", "{A7A2C615-0A6F-4FD3-BF89-D08DBDEFB8F9}"
EndProject
Project("{FAE04EC0-301F-11D3-BF4B-00C04F79EFBC}") = "AsciiLibTester", "AsciiLibTester\AsciiLibTester.csproj", "{A847E84B-2537-4783-B6CD-CF15229C5C67}"
EndProject
Global
	GlobalSection(SolutionConfigurationPlatforms) = preSolution
		Debug|Any CPU = Debug|Any CPU
		Release|Any CPU = Release|Any CPU
	EndGlobalSection
	GlobalSection(ProjectConfigurationPlatforms) = postSolution
		{A7A2C615-0A6F-4FD3-BF89-D08DBDEFB8F9}.Debug|Any CPU.ActiveCfg = Debug|Any CPU
		{A7A2C615-0A6F-4FD3-BF89-D08DBDEFB8F9}.Debug|Any CPU.Build.0 = Debug|Any CPU
		{A7A2C615-0A6F-4FD3-BF89-D08DBDEFB8F9}.Release|Any CPU.ActiveCfg = Release|Any CPU
		{A7A2C615-0A6F-4FD3-BF89-D08DBDEFB8F9}.Release|Any CPU.Build.0 = Release|Any CPU
		{A847E84B-2537-4783-B6CD-CF15229C5C67}.Debug|Any CPU.ActiveCfg = Debug|Any CPU
		{A847E84B-2537-4783-B6CD-CF15229C5C67}.Debug|Any CPU.Build.0 = Debug|Any CPU
		{A847E84B-2537-4783-B6CD-CF15229C5C67}.Release|Any CPU.ActiveCfg = Release|Any CPU
		{A847E84B-2537-4783-B6CD-CF15229C5C67}.Release|Any CPU.Build.0 = Release|Any CPU
	EndGlobalSection
	GlobalSection(SolutionProperties) = preSolution
		HideSolutionNode = FALSE
	EndGlobalSection
EndGlobal
